
Microsoft Visual Studio Solution File, Format Version 12.00
# Visual Studio Version 16
VisualStudioVersion = 16.0.33328.57
MinimumVisualStudioVersion = 10.0.40219.1
Project("{FAE04EC0-301F-11D3-BF4B-00C04F79EFBC}") = "01C_10_06", "01C_10_06\01C_10_06.csproj", "{0EB3FEF6-9B42-4AF2-9516-32475C335256}"
EndProject
Project("{FAE04EC0-301F-11D3-BF4B-00C04F79EFBC}") = "01L_10_12", "01L_10_12\01L_10_12.csproj", "{66C2FFCB-7DBC-40AB-9BD0-1206CC6A4381}"
EndProject
Project("{FAE04EC0-301F-11D3-BF4B-00C04F79EFBC}") = "02C_10_13", "02C_10_13\02C_10_13.csproj", "{679F8358-83B6-4F01-85A5-131F07F4F855}"
EndProject
Project("{FAE04EC0-301F-11D3-BF4B-00C04F79EFBC}") = "01L_10_12_ruleta", "01L_10_12_rez\01L_10_12_ruleta.csproj", "{FC2F2000-7690-4620-94BA-7A97D72DB50B}"
EndProject
Project("{FAE04EC0-301F-11D3-BF4B-00C04F79EFBC}") = "03C_10_20", "03C_10_20\03C_10_20.csproj", "{30A36A67-F5B5-46C9-A5A3-911F7F972F83}"
EndProject
Project("{FAE04EC0-301F-11D3-BF4B-00C04F79EFBC}") = "04C_10_27_graf", "04C_10_27_graf\04C_10_27_graf.csproj", "{74F3D763-5E76-40B7-A5BE-4E6B55D37A85}"
EndProject
Global
	GlobalSection(SolutionConfigurationPlatforms) = preSolution
		Debug|Any CPU = Debug|Any CPU
		Release|Any CPU = Release|Any CPU
	EndGlobalSection
	GlobalSection(ProjectConfigurationPlatforms) = postSolution
		{0EB3FEF6-9B42-4AF2-9516-32475C335256}.Debug|Any CPU.ActiveCfg = Debug|Any CPU
		{0EB3FEF6-9B42-4AF2-9516-32475C335256}.Debug|Any CPU.Build.0 = Debug|Any CPU
		{0EB3FEF6-9B42-4AF2-9516-32475C335256}.Release|Any CPU.ActiveCfg = Release|Any CPU
		{0EB3FEF6-9B42-4AF2-9516-32475C335256}.Release|Any CPU.Build.0 = Release|Any CPU
		{66C2FFCB-7DBC-40AB-9BD0-1206CC6A4381}.Debug|Any CPU.ActiveCfg = Debug|Any CPU
		{66C2FFCB-7DBC-40AB-9BD0-1206CC6A4381}.Debug|Any CPU.Build.0 = Debug|Any CPU
		{66C2FFCB-7DBC-40AB-9BD0-1206CC6A4381}.Release|Any CPU.ActiveCfg = Release|Any CPU
		{66C2FFCB-7DBC-40AB-9BD0-1206CC6A4381}.Release|Any CPU.Build.0 = Release|Any CPU
		{679F8358-83B6-4F01-85A5-131F07F4F855}.Debug|Any CPU.ActiveCfg = Debug|Any CPU
		{679F8358-83B6-4F01-85A5-131F07F4F855}.Debug|Any CPU.Build.0 = Debug|Any CPU
		{679F8358-83B6-4F01-85A5-131F07F4F855}.Release|Any CPU.ActiveCfg = Release|Any CPU
		{679F8358-83B6-4F01-85A5-131F07F4F855}.Release|Any CPU.Build.0 = Release|Any CPU
		{FC2F2000-7690-4620-94BA-7A97D72DB50B}.Debug|Any CPU.ActiveCfg = Debug|Any CPU
		{FC2F2000-7690-4620-94BA-7A97D72DB50B}.Debug|Any CPU.Build.0 = Debug|Any CPU
		{FC2F2000-7690-4620-94BA-7A97D72DB50B}.Release|Any CPU.ActiveCfg = Release|Any CPU
		{FC2F2000-7690-4620-94BA-7A97D72DB50B}.Release|Any CPU.Build.0 = Release|Any CPU
		{30A36A67-F5B5-46C9-A5A3-911F7F972F83}.Debug|Any CPU.ActiveCfg = Debug|Any CPU
		{30A36A67-F5B5-46C9-A5A3-911F7F972F83}.Debug|Any CPU.Build.0 = Debug|Any CPU
		{30A36A67-F5B5-46C9-A5A3-911F7F972F83}.Release|Any CPU.ActiveCfg = Release|Any CPU
		{30A36A67-F5B5-46C9-A5A3-911F7F972F83}.Release|Any CPU.Build.0 = Release|Any CPU
		{74F3D763-5E76-40B7-A5BE-4E6B55D37A85}.Debug|Any CPU.ActiveCfg = Debug|Any CPU
		{74F3D763-5E76-40B7-A5BE-4E6B55D37A85}.Debug|Any CPU.Build.0 = Debug|Any CPU
		{74F3D763-5E76-40B7-A5BE-4E6B55D37A85}.Release|Any CPU.ActiveCfg = Release|Any CPU
		{74F3D763-5E76-40B7-A5BE-4E6B55D37A85}.Release|Any CPU.Build.0 = Release|Any CPU
	EndGlobalSection
	GlobalSection(SolutionProperties) = preSolution
		HideSolutionNode = FALSE
	EndGlobalSection
	GlobalSection(ExtensibilityGlobals) = postSolution
		SolutionGuid = {655BEAE8-546D-4F61-A1CC-006199E46EF1}
	EndGlobalSection
EndGlobal
